// !$*UTF8*$!
{
	archiveVersion = 1;
	classes = {
	};
	objectVersion = 46;
	objects = {

/* Begin PBXBuildFile section */
		1522C4CC1C0C16DC0010ECB8 /* icon120.png in Resources */ = {isa = PBXBuildFile; fileRef = 1522C4CA1C0C16DC0010ECB8 /* icon120.png */; };
		1522C4CD1C0C16DC0010ECB8 /* icon180.png in Resources */ = {isa = PBXBuildFile; fileRef = 1522C4CB1C0C16DC0010ECB8 /* icon180.png */; };
		156957001C151BF600E74A73 /* billbo_icon120.png in Resources */ = {isa = PBXBuildFile; fileRef = 156956FE1C151BF600E74A73 /* billbo_icon120.png */; };
		156957011C151BF600E74A73 /* billbo_icon180.png in Resources */ = {isa = PBXBuildFile; fileRef = 156956FF1C151BF600E74A73 /* billbo_icon180.png */; };
		157C59451BE81BBB008DB8C4 /* AppDelegate.swift in Sources */ = {isa = PBXBuildFile; fileRef = 157C59441BE81BBB008DB8C4 /* AppDelegate.swift */; };
		157C59471BE81BBB008DB8C4 /* ViewController.swift in Sources */ = {isa = PBXBuildFile; fileRef = 157C59461BE81BBB008DB8C4 /* ViewController.swift */; };
		157C594A1BE81BBB008DB8C4 /* Main.storyboard in Resources */ = {isa = PBXBuildFile; fileRef = 157C59481BE81BBB008DB8C4 /* Main.storyboard */; };
		157C594C1BE81BBB008DB8C4 /* Images.xcassets in Resources */ = {isa = PBXBuildFile; fileRef = 157C594B1BE81BBB008DB8C4 /* Images.xcassets */; };
		157C594F1BE81BBB008DB8C4 /* LaunchScreen.xib in Resources */ = {isa = PBXBuildFile; fileRef = 157C594D1BE81BBB008DB8C4 /* LaunchScreen.xib */; };
		157C595B1BE81BBB008DB8C4 /* HelloBillboTests.swift in Sources */ = {isa = PBXBuildFile; fileRef = 157C595A1BE81BBB008DB8C4 /* HelloBillboTests.swift */; };
/* End PBXBuildFile section */

/* Begin PBXContainerItemProxy section */
		157C59551BE81BBB008DB8C4 /* PBXContainerItemProxy */ = {
			isa = PBXContainerItemProxy;
			containerPortal = 157C59371BE81BBB008DB8C4 /* Project object */;
			proxyType = 1;
			remoteGlobalIDString = 157C593E1BE81BBB008DB8C4;
			remoteInfo = HelloBillbo;
		};
/* End PBXContainerItemProxy section */

/* Begin PBXFileReference section */
		1522C4CA1C0C16DC0010ECB8 /* icon120.png */ = {isa = PBXFileReference; lastKnownFileType = image.png; path = icon120.png; sourceTree = "<group>"; };
		1522C4CB1C0C16DC0010ECB8 /* icon180.png */ = {isa = PBXFileReference; lastKnownFileType = image.png; path = icon180.png; sourceTree = "<group>"; };
		156956FE1C151BF600E74A73 /* billbo_icon120.png */ = {isa = PBXFileReference; lastKnownFileType = image.png; path = billbo_icon120.png; sourceTree = "<group>"; };
		156956FF1C151BF600E74A73 /* billbo_icon180.png */ = {isa = PBXFileReference; lastKnownFileType = image.png; path = billbo_icon180.png; sourceTree = "<group>"; };
		157C593F1BE81BBB008DB8C4 /* Counting.app */ = {isa = PBXFileReference; explicitFileType = wrapper.application; includeInIndex = 0; path = Counting.app; sourceTree = BUILT_PRODUCTS_DIR; };
		157C59431BE81BBB008DB8C4 /* Info.plist */ = {isa = PBXFileReference; lastKnownFileType = text.plist.xml; path = Info.plist; sourceTree = "<group>"; };
		157C59441BE81BBB008DB8C4 /* AppDelegate.swift */ = {isa = PBXFileReference; lastKnownFileType = sourcecode.swift; path = AppDelegate.swift; sourceTree = "<group>"; };
		157C59461BE81BBB008DB8C4 /* ViewController.swift */ = {isa = PBXFileReference; indentWidth = 5; lastKnownFileType = sourcecode.swift; path = ViewController.swift; sourceTree = "<group>"; };
		157C59491BE81BBB008DB8C4 /* Base */ = {isa = PBXFileReference; lastKnownFileType = file.storyboard; name = Base; path = Base.lproj/Main.storyboard; sourceTree = "<group>"; };
		157C594B1BE81BBB008DB8C4 /* Images.xcassets */ = {isa = PBXFileReference; lastKnownFileType = folder.assetcatalog; path = Images.xcassets; sourceTree = "<group>"; };
		157C594E1BE81BBB008DB8C4 /* Base */ = {isa = PBXFileReference; lastKnownFileType = file.xib; name = Base; path = Base.lproj/LaunchScreen.xib; sourceTree = "<group>"; };
		157C59541BE81BBB008DB8C4 /* Counting.xctest */ = {isa = PBXFileReference; explicitFileType = wrapper.cfbundle; includeInIndex = 0; path = Counting.xctest; sourceTree = BUILT_PRODUCTS_DIR; };
		157C59591BE81BBB008DB8C4 /* Info.plist */ = {isa = PBXFileReference; lastKnownFileType = text.plist.xml; path = Info.plist; sourceTree = "<group>"; };
		157C595A1BE81BBB008DB8C4 /* HelloBillboTests.swift */ = {isa = PBXFileReference; lastKnownFileType = sourcecode.swift; path = HelloBillboTests.swift; sourceTree = "<group>"; };
/* End PBXFileReference section */

/* Begin PBXFrameworksBuildPhase section */
		157C593C1BE81BBB008DB8C4 /* Frameworks */ = {
			isa = PBXFrameworksBuildPhase;
			buildActionMask = 2147483647;
			files = (
			);
			runOnlyForDeploymentPostprocessing = 0;
		};
		157C59511BE81BBB008DB8C4 /* Frameworks */ = {
			isa = PBXFrameworksBuildPhase;
			buildActionMask = 2147483647;
			files = (
			);
			runOnlyForDeploymentPostprocessing = 0;
		};
/* End PBXFrameworksBuildPhase section */

/* Begin PBXGroup section */
		157C59361BE81BBB008DB8C4 = {
			isa = PBXGroup;
			children = (
				157C59411BE81BBB008DB8C4 /* Counting */,
				157C59571BE81BBB008DB8C4 /* HelloBillboTests */,
				157C59401BE81BBB008DB8C4 /* Products */,
				1522C4CA1C0C16DC0010ECB8 /* icon120.png */,
				1522C4CB1C0C16DC0010ECB8 /* icon180.png */,
				156956FE1C151BF600E74A73 /* billbo_icon120.png */,
				156956FF1C151BF600E74A73 /* billbo_icon180.png */,
			);
			sourceTree = "<group>";
		};
		157C59401BE81BBB008DB8C4 /* Products */ = {
			isa = PBXGroup;
			children = (
				157C593F1BE81BBB008DB8C4 /* Counting.app */,
				157C59541BE81BBB008DB8C4 /* Counting.xctest */,
			);
			name = Products;
			sourceTree = "<group>";
		};
		157C59411BE81BBB008DB8C4 /* Counting */ = {
			isa = PBXGroup;
			children = (
				157C59441BE81BBB008DB8C4 /* AppDelegate.swift */,
				157C59461BE81BBB008DB8C4 /* ViewController.swift */,
				157C59481BE81BBB008DB8C4 /* Main.storyboard */,
				157C594B1BE81BBB008DB8C4 /* Images.xcassets */,
				157C594D1BE81BBB008DB8C4 /* LaunchScreen.xib */,
				157C59421BE81BBB008DB8C4 /* Supporting Files */,
			);
			name = Counting;
			path = HelloBillbo;
			sourceTree = "<group>";
		};
		157C59421BE81BBB008DB8C4 /* Supporting Files */ = {
			isa = PBXGroup;
			children = (
				157C59431BE81BBB008DB8C4 /* Info.plist */,
			);
			name = "Supporting Files";
			sourceTree = "<group>";
		};
		157C59571BE81BBB008DB8C4 /* HelloBillboTests */ = {
			isa = PBXGroup;
			children = (
				157C595A1BE81BBB008DB8C4 /* HelloBillboTests.swift */,
				157C59581BE81BBB008DB8C4 /* Supporting Files */,
			);
			path = HelloBillboTests;
			sourceTree = "<group>";
		};
		157C59581BE81BBB008DB8C4 /* Supporting Files */ = {
			isa = PBXGroup;
			children = (
				157C59591BE81BBB008DB8C4 /* Info.plist */,
			);
			name = "Supporting Files";
			sourceTree = "<group>";
		};
/* End PBXGroup section */

/* Begin PBXNativeTarget section */
		157C593E1BE81BBB008DB8C4 /* Counting */ = {
			isa = PBXNativeTarget;
			buildConfigurationList = 157C595E1BE81BBB008DB8C4 /* Build configuration list for PBXNativeTarget "Counting" */;
			buildPhases = (
				157C593B1BE81BBB008DB8C4 /* Sources */,
				157C593C1BE81BBB008DB8C4 /* Frameworks */,
				157C593D1BE81BBB008DB8C4 /* Resources */,
			);
			buildRules = (
			);
			dependencies = (
			);
			name = Counting;
			productName = HelloBillbo;
			productReference = 157C593F1BE81BBB008DB8C4 /* Counting.app */;
			productType = "com.apple.product-type.application";
		};
		157C59531BE81BBB008DB8C4 /* CountingTests */ = {
			isa = PBXNativeTarget;
			buildConfigurationList = 157C59611BE81BBB008DB8C4 /* Build configuration list for PBXNativeTarget "CountingTests" */;
			buildPhases = (
				157C59501BE81BBB008DB8C4 /* Sources */,
				157C59511BE81BBB008DB8C4 /* Frameworks */,
				157C59521BE81BBB008DB8C4 /* Resources */,
			);
			buildRules = (
			);
			dependencies = (
				157C59561BE81BBB008DB8C4 /* PBXTargetDependency */,
			);
			name = CountingTests;
			productName = HelloBillboTests;
			productReference = 157C59541BE81BBB008DB8C4 /* Counting.xctest */;
			productType = "com.apple.product-type.bundle.unit-test";
		};
/* End PBXNativeTarget section */

/* Begin PBXProject section */
		157C59371BE81BBB008DB8C4 /* Project object */ = {
			isa = PBXProject;
			attributes = {
				LastSwiftUpdateCheck = 0720;
				LastUpgradeCheck = 0720;
				ORGANIZATIONNAME = ChenXi;
				TargetAttributes = {
					157C593E1BE81BBB008DB8C4 = {
						CreatedOnToolsVersion = 6.4;
					};
					157C59531BE81BBB008DB8C4 = {
						CreatedOnToolsVersion = 6.4;
						TestTargetID = 157C593E1BE81BBB008DB8C4;
					};
				};
			};
			buildConfigurationList = 157C593A1BE81BBB008DB8C4 /* Build configuration list for PBXProject "Counting" */;
			compatibilityVersion = "Xcode 3.2";
			developmentRegion = English;
			hasScannedForEncodings = 0;
			knownRegions = (
				en,
				Base,
			);
			mainGroup = 157C59361BE81BBB008DB8C4;
			productRefGroup = 157C59401BE81BBB008DB8C4 /* Products */;
			projectDirPath = "";
			projectRoot = "";
			targets = (
				157C593E1BE81BBB008DB8C4 /* Counting */,
				157C59531BE81BBB008DB8C4 /* CountingTests */,
			);
		};
/* End PBXProject section */

/* Begin PBXResourcesBuildPhase section */
		157C593D1BE81BBB008DB8C4 /* Resources */ = {
			isa = PBXResourcesBuildPhase;
			buildActionMask = 2147483647;
			files = (
				156957011C151BF600E74A73 /* billbo_icon180.png in Resources */,
				156957001C151BF600E74A73 /* billbo_icon120.png in Resources */,
				157C594A1BE81BBB008DB8C4 /* Main.storyboard in Resources */,
				157C594F1BE81BBB008DB8C4 /* LaunchScreen.xib in Resources */,
				1522C4CC1C0C16DC0010ECB8 /* icon120.png in Resources */,
				157C594C1BE81BBB008DB8C4 /* Images.xcassets in Resources */,
				1522C4CD1C0C16DC0010ECB8 /* icon180.png in Resources */,
			);
			runOnlyForDeploymentPostprocessing = 0;
		};
		157C59521BE81BBB008DB8C4 /* Resources */ = {
			isa = PBXResourcesBuildPhase;
			buildActionMask = 2147483647;
			files = (
			);
			runOnlyForDeploymentPostprocessing = 0;
		};
/* End PBXResourcesBuildPhase section */

/* Begin PBXSourcesBuildPhase section */
		157C593B1BE81BBB008DB8C4 /* Sources */ = {
			isa = PBXSourcesBuildPhase;
			buildActionMask = 2147483647;
			files = (
				157C59471BE81BBB008DB8C4 /* ViewController.swift in Sources */,
				157C59451BE81BBB008DB8C4 /* AppDelegate.swift in Sources */,
			);
			runOnlyForDeploymentPostprocessing = 0;
		};
		157C59501BE81BBB008DB8C4 /* Sources */ = {
			isa = PBXSourcesBuildPhase;
			buildActionMask = 2147483647;
			files = (
				157C595B1BE81BBB008DB8C4 /* HelloBillboTests.swift in Sources */,
			);
			runOnlyForDeploymentPostprocessing = 0;
		};
/* End PBXSourcesBuildPhase section */

/* Begin PBXTargetDependency section */
		157C59561BE81BBB008DB8C4 /* PBXTargetDependency */ = {
			isa = PBXTargetDependency;
			target = 157C593E1BE81BBB008DB8C4 /* Counting */;
			targetProxy = 157C59551BE81BBB008DB8C4 /* PBXContainerItemProxy */;
		};
/* End PBXTargetDependency section */

/* Begin PBXVariantGroup section */
		157C59481BE81BBB008DB8C4 /* Main.storyboard */ = {
			isa = PBXVariantGroup;
			children = (
				157C59491BE81BBB008DB8C4 /* Base */,
			);
			name = Main.storyboard;
			sourceTree = "<group>";
		};
		157C594D1BE81BBB008DB8C4 /* LaunchScreen.xib */ = {
			isa = PBXVariantGroup;
			children = (
				157C594E1BE81BBB008DB8C4 /* Base */,
			);
			name = LaunchScreen.xib;
			sourceTree = "<group>";
		};
/* End PBXVariantGroup section */

/* Begin XCBuildConfiguration section */
		157C595C1BE81BBB008DB8C4 /* Debug */ = {
			isa = XCBuildConfiguration;
			buildSettings = {
				ALWAYS_SEARCH_USER_PATHS = NO;
				CLANG_CXX_LANGUAGE_STANDARD = "gnu++0x";
				CLANG_CXX_LIBRARY = "libc++";
				CLANG_ENABLE_MODULES = YES;
				CLANG_ENABLE_OBJC_ARC = YES;
				CLANG_WARN_BOOL_CONVERSION = YES;
				CLANG_WARN_CONSTANT_CONVERSION = YES;
				CLANG_WARN_DIRECT_OBJC_ISA_USAGE = YES_ERROR;
				CLANG_WARN_EMPTY_BODY = YES;
				CLANG_WARN_ENUM_CONVERSION = YES;
				CLANG_WARN_INT_CONVERSION = YES;
				CLANG_WARN_OBJC_ROOT_CLASS = YES_ERROR;
				CLANG_WARN_UNREACHABLE_CODE = YES;
				CLANG_WARN__DUPLICATE_METHOD_MATCH = YES;
				"CODE_SIGN_IDENTITY[sdk=iphoneos*]" = "iPhone Developer";
				COPY_PHASE_STRIP = NO;
				DEBUG_INFORMATION_FORMAT = "dwarf-with-dsym";
				ENABLE_STRICT_OBJC_MSGSEND = YES;
				ENABLE_TESTABILITY = YES;
				GCC_C_LANGUAGE_STANDARD = gnu99;
				GCC_DYNAMIC_NO_PIC = NO;
				GCC_NO_COMMON_BLOCKS = YES;
				GCC_OPTIMIZATION_LEVEL = 0;
				GCC_PREPROCESSOR_DEFINITIONS = (
					"DEBUG=1",
					"$(inherited)",
				);
				GCC_SYMBOLS_PRIVATE_EXTERN = NO;
				GCC_WARN_64_TO_32_BIT_CONVERSION = YES;
				GCC_WARN_ABOUT_RETURN_TYPE = YES_ERROR;
				GCC_WARN_UNDECLARED_SELECTOR = YES;
				GCC_WARN_UNINITIALIZED_AUTOS = YES_AGGRESSIVE;
				GCC_WARN_UNUSED_FUNCTION = YES;
				GCC_WARN_UNUSED_VARIABLE = YES;
				IPHONEOS_DEPLOYMENT_TARGET = 8.4;
				MTL_ENABLE_DEBUG_INFO = YES;
				ONLY_ACTIVE_ARCH = YES;
				SDKROOT = iphoneos;
				SWIFT_OPTIMIZATION_LEVEL = "-Onone";
			};
			name = Debug;
		};
		157C595D1BE81BBB008DB8C4 /* Release */ = {
			isa = XCBuildConfiguration;
			buildSettings = {
				ALWAYS_SEARCH_USER_PATHS = NO;
				CLANG_CXX_LANGUAGE_STANDARD = "gnu++0x";
				CLANG_CXX_LIBRARY = "libc++";
				CLANG_ENABLE_MODULES = YES;
				CLANG_ENABLE_OBJC_ARC = YES;
				CLANG_WARN_BOOL_CONVERSION = YES;
				CLANG_WARN_CONSTANT_CONVERSION = YES;
				CLANG_WARN_DIRECT_OBJC_ISA_USAGE = YES_ERROR;
				CLANG_WARN_EMPTY_BODY = YES;
				CLANG_WARN_ENUM_CONVERSION = YES;
				CLANG_WARN_INT_CONVERSION = YES;
				CLANG_WARN_OBJC_ROOT_CLASS = YES_ERROR;
				CLANG_WARN_UNREACHABLE_CODE = YES;
				CLANG_WARN__DUPLICATE_METHOD_MATCH = YES;
				"CODE_SIGN_IDENTITY[sdk=iphoneos*]" = "iPhone Developer";
				COPY_PHASE_STRIP = NO;
				DEBUG_INFORMATION_FORMAT = "dwarf-with-dsym";
				ENABLE_NS_ASSERTIONS = NO;
				ENABLE_STRICT_OBJC_MSGSEND = YES;
				GCC_C_LANGUAGE_STANDARD = gnu99;
				GCC_NO_COMMON_BLOCKS = YES;
				GCC_WARN_64_TO_32_BIT_CONVERSION = YES;
				GCC_WARN_ABOUT_RETURN_TYPE = YES_ERROR;
				GCC_WARN_UNDECLARED_SELECTOR = YES;
				GCC_WARN_UNINITIALIZED_AUTOS = YES_AGGRESSIVE;
				GCC_WARN_UNUSED_FUNCTION = YES;
				GCC_WARN_UNUSED_VARIABLE = YES;
				IPHONEOS_DEPLOYMENT_TARGET = 8.4;
				MTL_ENABLE_DEBUG_INFO = NO;
				SDKROOT = iphoneos;
				VALIDATE_PRODUCT = YES;
			};
			name = Release;
		};
		157C595F1BE81BBB008DB8C4 /* Debug */ = {
			isa = XCBuildConfiguration;
			buildSettings = {
				ASSETCATALOG_COMPILER_APPICON_NAME = AppIcon;
				INFOPLIST_FILE = HelloBillbo/Info.plist;
				LD_RUNPATH_SEARCH_PATHS = "$(inherited) @executable_path/Frameworks";
				PRODUCT_BUNDLE_IDENTIFIER = "com.cassie.Helloswift.$(PRODUCT_NAME:rfc1034identifier)";
				PRODUCT_NAME = Counting;
			};
			name = Debug;
		};
		157C59601BE81BBB008DB8C4 /* Release */ = {
			isa = XCBuildConfiguration;
			buildSettings = {
				ASSETCATALOG_COMPILER_APPICON_NAME = AppIcon;
				INFOPLIST_FILE = HelloBillbo/Info.plist;
				LD_RUNPATH_SEARCH_PATHS = "$(inherited) @executable_path/Frameworks";
				PRODUCT_BUNDLE_IDENTIFIER = "com.cassie.Helloswift.$(PRODUCT_NAME:rfc1034identifier)";
				PRODUCT_NAME = Counting;
			};
			name = Release;
		};
		157C59621BE81BBB008DB8C4 /* Debug */ = {
			isa = XCBuildConfiguration;
			buildSettings = {
				BUNDLE_LOADER = "$(TEST_HOST)";
				FRAMEWORK_SEARCH_PATHS = (
					"$(SDKROOT)/Developer/Library/Frameworks",
					"$(inherited)",
				);
				GCC_PREPROCESSOR_DEFINITIONS = (
					"DEBUG=1",
					"$(inherited)",
				);
				INFOPLIST_FILE = HelloBillboTests/Info.plist;
				LD_RUNPATH_SEARCH_PATHS = "$(inherited) @executable_path/Frameworks @loader_path/Frameworks";
				PRODUCT_BUNDLE_IDENTIFIER = "com.cassie.Helloswift.$(PRODUCT_NAME:rfc1034identifier)";
				PRODUCT_NAME = Counting;
				TEST_HOST = "$(BUILT_PRODUCTS_DIR)/Counting.app/Counting";
			};
			name = Debug;
		};
		157C59631BE81BBB008DB8C4 /* Release */ = {
			isa = XCBuildConfiguration;
			buildSettings = {
				BUNDLE_LOADER = "$(TEST_HOST)";
				FRAMEWORK_SEARCH_PATHS = (
					"$(SDKROOT)/Developer/Library/Frameworks",
					"$(inherited)",
				);
				INFOPLIST_FILE = HelloBillboTests/Info.plist;
				LD_RUNPATH_SEARCH_PATHS = "$(inherited) @executable_path/Frameworks @loader_path/Frameworks";
				PRODUCT_BUNDLE_IDENTIFIER = "com.cassie.Helloswift.$(PRODUCT_NAME:rfc1034identifier)";
				PRODUCT_NAME = Counting;
				TEST_HOST = "$(BUILT_PRODUCTS_DIR)/Counting.app/Counting";
			};
			name = Release;
		};
/* End XCBuildConfiguration section */

/* Begin XCConfigurationList section */
		157C593A1BE81BBB008DB8C4 /* Build configuration list for PBXProject "Counting" */ = {
			isa = XCConfigurationList;
			buildConfigurations = (
				157C595C1BE81BBB008DB8C4 /* Debug */,
				157C595D1BE81BBB008DB8C4 /* Release */,
			);
			defaultConfigurationIsVisible = 0;
			defaultConfigurationName = Release;
		};
		157C595E1BE81BBB008DB8C4 /* Build configuration list for PBXNativeTarget "Counting" */ = {
			isa = XCConfigurationList;
			buildConfigurations = (
				157C595F1BE81BBB008DB8C4 /* Debug */,
				157C59601BE81BBB008DB8C4 /* Release */,
			);
			defaultConfigurationIsVisible = 0;
			defaultConfigurationName = Release;
		};
		157C59611BE81BBB008DB8C4 /* Build configuration list for PBXNativeTarget "CountingTests" */ = {
			isa = XCConfigurationList;
			buildConfigurations = (
				157C59621BE81BBB008DB8C4 /* Debug */,
				157C59631BE81BBB008DB8C4 /* Release */,
			);
			defaultConfigurationIsVisible = 0;
			defaultConfigurationName = Release;
		};
/* End XCConfigurationList section */
	};
	rootObject = 157C59371BE81BBB008DB8C4 /* Project object */;
}
